
Microsoft Visual Studio Solution File, Format Version 12.00
# Visual Studio Version 17
VisualStudioVersion = 17.5.002.0
MinimumVisualStudioVersion = 10.0.40219.1
Project("{2150E333-8FDC-42A3-9474-1A3956D46DE8}") = "tests", "tests", "{12217AD9-6D00-4C20-A950-B43D3094E1B8}"
EndProject
Project("{9A19103F-16F7-4668-BE54-9A1E7A4F7556}") = "simple", "tests\simple\simple.csproj", "{FCC42CE4-2EB7-425C-865E-C250446E064D}"
EndProject
Global
	GlobalSection(SolutionConfigurationPlatforms) = preSolution
		Debug|Any CPU = Debug|Any CPU
		Release|Any CPU = Release|Any CPU
	EndGlobalSection
	GlobalSection(ProjectConfigurationPlatforms) = postSolution
		{FCC42CE4-2EB7-425C-865E-C250446E064D}.Debug|Any CPU.ActiveCfg = Debug|Any CPU
		{FCC42CE4-2EB7-425C-865E-C250446E064D}.Debug|Any CPU.Build.0 = Debug|Any CPU
		{FCC42CE4-2EB7-425C-865E-C250446E064D}.Release|Any CPU.ActiveCfg = Release|Any CPU
		{FCC42CE4-2EB7-425C-865E-C250446E064D}.Release|Any CPU.Build.0 = Release|Any CPU
	EndGlobalSection
	GlobalSection(SolutionProperties) = preSolution
		HideSolutionNode = FALSE
	EndGlobalSection
	GlobalSection(NestedProjects) = preSolution
		{FCC42CE4-2EB7-425C-865E-C250446E064D} = {12217AD9-6D00-4C20-A950-B43D3094E1B8}
	EndGlobalSection
	GlobalSection(ExtensibilityGlobals) = postSolution
		SolutionGuid = {778EB3FE-C400-4AD3-8EB5-95F00E8E7D85}
	EndGlobalSection
EndGlobal
